<?xml version="1.0" encoding="utf-8"?>
<Project ToolsVersion="4.0" xmlns="http://schemas.microsoft.com/developer/msbuild/2003">
  <ItemGroup>
    <Filter Include="WinMain">
      <UniqueIdentifier>{4FC737F1-C7A5-4376-A066-2A32D752A2FF}</UniqueIdentifier>
      <Extensions>cpp;c;cc;cxx;def;odl;idl;hpj;bat;asm;asmx</Extensions>
    </Filter>
    <Filter Include="Scene">
      <UniqueIdentifier>{2a2d40a1-7704-49a6-96be-552fac6b045e}</UniqueIdentifier>
    </Filter>
    <Filter Include="Scene\StaticTextScene">
      <UniqueIdentifier>{23a968b4-dfdd-4c29-868b-6a4acd6f91ed}</UniqueIdentifier>
    </Filter>
    <Filter Include="Scene\StaticTextScene\SceneMain">
      <UniqueIdentifier>{7eda37a0-9ada-4e94-9ffe-48e12225805b}</UniqueIdentifier>
    </Filter>
    <Filter Include="Scene\01. LogoScene">
      <UniqueIdentifier>{961fe0d4-10f7-49c4-b1a2-39579ed466d0}</UniqueIdentifier>
    </Filter>
    <Filter Include="Scene\01. LogoScene\SceneMain">
      <UniqueIdentifier>{aeb6d4c5-563b-47ed-bc79-8a877a3d4711}</UniqueIdentifier>
    </Filter>
    <Filter Include="Scene\03. MainScene">
      <UniqueIdentifier>{981a1623-d2b2-41ac-9a94-a2c1168dcda0}</UniqueIdentifier>
    </Filter>
    <Filter Include="Scene\03. MainScene\SceneMain">
      <UniqueIdentifier>{37e08126-db94-4993-b4d6-5ca798c17fbd}</UniqueIdentifier>
    </Filter>
    <Filter Include="Scene\02. MenuScene">
      <UniqueIdentifier>{656c188b-ac89-4e97-b252-ce1c7f931da2}</UniqueIdentifier>
    </Filter>
    <Filter Include="Scene\02. MenuScene\SceneMain">
      <UniqueIdentifier>{22e999a2-6342-43ee-afab-30c31a46db2c}</UniqueIdentifier>
    </Filter>
    <Filter Include="UserComponent">
      <UniqueIdentifier>{c10f9c04-a82a-46b9-ac92-748c5de925bf}</UniqueIdentifier>
    </Filter>
    <Filter Include="UserComponent\Other">
      <UniqueIdentifier>{b0461e06-a267-4b40-867d-e564d175a99f}</UniqueIdentifier>
    </Filter>
    <Filter Include="UserComponent\Other\01. LogoAlphaBat">
      <UniqueIdentifier>{42a1491a-5a7f-4764-8add-456b189ef665}</UniqueIdentifier>
    </Filter>
    <Filter Include="UserComponent\Other\02. MenuEnemy">
      <UniqueIdentifier>{0da503e5-6ab9-4654-83b3-3f9bd693a870}</UniqueIdentifier>
    </Filter>
    <Filter Include="UserComponent\Other\04. Fade">
      <UniqueIdentifier>{ef6ab832-107f-4645-993e-40912454b49b}</UniqueIdentifier>
    </Filter>
    <Filter Include="UserComponent\Other\03 MenuLogo">
      <UniqueIdentifier>{e9c0656d-6bd3-4e45-8326-c9bc59d07b59}</UniqueIdentifier>
    </Filter>
    <Filter Include="UserComponent\Other\05. Fire">
      <UniqueIdentifier>{1c92b2f6-7361-454f-900b-6464cbfc3e3e}</UniqueIdentifier>
    </Filter>
    <Filter Include="UserComponent\Other\07. Gun">
      <UniqueIdentifier>{eab09fca-b269-4616-8de6-12fc26d155bf}</UniqueIdentifier>
    </Filter>
    <Filter Include="UserComponent\Other\09. Bullet">
      <UniqueIdentifier>{f3ca56e2-ac74-4cd0-a675-56cdc60fa6c2}</UniqueIdentifier>
    </Filter>
    <Filter Include="UserComponent\Other\10. Heart">
      <UniqueIdentifier>{33dd1cb6-038b-45a7-abbe-f17cef374a9b}</UniqueIdentifier>
    </Filter>
    <Filter Include="UserComponent\Other\11. Life">
      <UniqueIdentifier>{a3970e21-5688-42ee-8e69-0170e1806789}</UniqueIdentifier>
    </Filter>
    <Filter Include="UserComponent\Gonner">
      <UniqueIdentifier>{212fa6b7-6c1d-4a88-9c4c-cae7ad335ade}</UniqueIdentifier>
    </Filter>
  </ItemGroup>
  <ItemGroup>
    <ClCompile Include="SceneMain\MainScene.cpp">
      <Filter>Scene\03. MainScene\SceneMain</Filter>
    </ClCompile>
    <ClCompile Include="ClientHeader.cpp">
      <Filter>WinMain</Filter>
    </ClCompile>
    <ClCompile Include="SceneMain\StaticTestScene.cpp">
      <Filter>Scene\StaticTextScene\SceneMain</Filter>
    </ClCompile>
    <ClCompile Include="SceneMain\LogoScene.cpp">
      <Filter>Scene\01. LogoScene\SceneMain</Filter>
    </ClCompile>
    <ClCompile Include="SceneMain\MenuScene.cpp">
      <Filter>Scene\02. MenuScene\SceneMain</Filter>
    </ClCompile>
    <ClCompile Include="UserComponent\LogoAlphaBat_Com.cpp">
      <Filter>UserComponent\Other\01. LogoAlphaBat</Filter>
    </ClCompile>
    <ClCompile Include="UserComponent\MenuEnemy_Com.cpp">
      <Filter>UserComponent\Other\02. MenuEnemy</Filter>
    </ClCompile>
    <ClCompile Include="UserComponent\Fade_Com.cpp">
      <Filter>UserComponent\Other\04. Fade</Filter>
    </ClCompile>
    <ClCompile Include="UserComponent\MenuLogo_Com.cpp">
      <Filter>UserComponent\Other\03 MenuLogo</Filter>
    </ClCompile>
    <ClCompile Include="UserComponent\Fire_Com.cpp">
      <Filter>UserComponent\Other\05. Fire</Filter>
    </ClCompile>
    <ClCompile Include="UserComponent\Gun_Com.cpp">
      <Filter>UserComponent\Other\07. Gun</Filter>
    </ClCompile>
    <ClCompile Include="UserComponent\GunItem_Com.cpp">
      <Filter>UserComponent\Other\07. Gun</Filter>
    </ClCompile>
    <ClCompile Include="UserComponent\Bullet_Com.cpp">
      <Filter>UserComponent\Other\09. Bullet</Filter>
    </ClCompile>
    <ClCompile Include="UserComponent\BulletUI_Com.cpp">
      <Filter>UserComponent\Other\09. Bullet</Filter>
    </ClCompile>
    <ClCompile Include="UserComponent\Heart_Com.cpp">
      <Filter>UserComponent\Other\10. Heart</Filter>
    </ClCompile>
    <ClCompile Include="UserComponent\HeartItem_Com.cpp">
      <Filter>UserComponent\Other\10. Heart</Filter>
    </ClCompile>
    <ClCompile Include="UserComponent\HeartUI_Com.cpp">
      <Filter>UserComponent\Other\10. Heart</Filter>
    </ClCompile>
    <ClCompile Include="UserComponent\ReloadBullet_Com.cpp">
      <Filter>UserComponent\Other\10. Heart</Filter>
    </ClCompile>
    <ClCompile Include="UserComponent\LifeItem_Com.cpp">
      <Filter>UserComponent\Other\11. Life</Filter>
    </ClCompile>
    <ClCompile Include="UserComponent\LifeUI_Com.cpp">
      <Filter>UserComponent\Other\11. Life</Filter>
    </ClCompile>
    <ClCompile Include="UserComponent\Skull_Com.cpp">
      <Filter>UserComponent\Other\11. Life</Filter>
    </ClCompile>
    <ClCompile Include="WinMain.cpp">
      <Filter>WinMain</Filter>
    </ClCompile>
    <ClCompile Include="UserComponent\Gonner_Com.cpp">
      <Filter>UserComponent\Gonner</Filter>
    </ClCompile>
    <ClCompile Include="UserComponent\GonnerFSM.cpp">
      <Filter>UserComponent\Gonner</Filter>
    </ClCompile>
    <ClCompile Include="UserComponent\GonnerCollFunc.cpp">
      <Filter>UserComponent\Gonner</Filter>
    </ClCompile>
  </ItemGroup>
  <ItemGroup>
    <ClInclude Include="ClientHeader.h">
      <Filter>WinMain</Filter>
    </ClInclude>
    <ClInclude Include="SceneMain\MainScene.h">
      <Filter>Scene\03. MainScene\SceneMain</Filter>
    </ClInclude>
    <ClInclude Include="SceneMain\StaticTestScene.h">
      <Filter>Scene\StaticTextScene\SceneMain</Filter>
    </ClInclude>
    <ClInclude Include="SceneMain\LogoScene.h">
      <Filter>Scene\01. LogoScene\SceneMain</Filter>
    </ClInclude>
    <ClInclude Include="SceneMain\MenuScene.h">
      <Filter>Scene\02. MenuScene\SceneMain</Filter>
    </ClInclude>
    <ClInclude Include="UserComponent\LogoAlphaBat_Com.h">
      <Filter>UserComponent\Other\01. LogoAlphaBat</Filter>
    </ClInclude>
    <ClInclude Include="UserComponent\MenuEnemy_Com.h">
      <Filter>UserComponent\Other\02. MenuEnemy</Filter>
    </ClInclude>
    <ClInclude Include="UserComponent\Fade_Com.h">
      <Filter>UserComponent\Other\04. Fade</Filter>
    </ClInclude>
    <ClInclude Include="UserComponent\MenuLogo_Com.h">
      <Filter>UserComponent\Other\03 MenuLogo</Filter>
    </ClInclude>
    <ClInclude Include="UserComponent\Fire_Com.h">
      <Filter>UserComponent\Other\05. Fire</Filter>
    </ClInclude>
    <ClInclude Include="UserComponent\Gun_Com.h">
      <Filter>UserComponent\Other\07. Gun</Filter>
    </ClInclude>
    <ClInclude Include="UserComponent\GunItem_Com.h">
      <Filter>UserComponent\Other\07. Gun</Filter>
    </ClInclude>
    <ClInclude Include="UserComponent\Bullet_Com.h">
      <Filter>UserComponent\Other\09. Bullet</Filter>
    </ClInclude>
    <ClInclude Include="UserComponent\BulletUI_Com.h">
      <Filter>UserComponent\Other\09. Bullet</Filter>
    </ClInclude>
    <ClInclude Include="UserComponent\Heart_Com.h">
      <Filter>UserComponent\Other\10. Heart</Filter>
    </ClInclude>
    <ClInclude Include="UserComponent\HeartItem_Com.h">
      <Filter>UserComponent\Other\10. Heart</Filter>
    </ClInclude>
    <ClInclude Include="UserComponent\HeartUI_Com.h">
      <Filter>UserComponent\Other\10. Heart</Filter>
    </ClInclude>
    <ClInclude Include="UserComponent\ReloadBullet_Com.h">
      <Filter>UserComponent\Other\10. Heart</Filter>
    </ClInclude>
    <ClInclude Include="UserComponent\LifeItem_Com.h">
      <Filter>UserComponent\Other\11. Life</Filter>
    </ClInclude>
    <ClInclude Include="UserComponent\LifeUI_Com.h">
      <Filter>UserComponent\Other\11. Life</Filter>
    </ClInclude>
    <ClInclude Include="UserComponent\Skull_Com.h">
      <Filter>UserComponent\Other\11. Life</Filter>
    </ClInclude>
    <ClInclude Include="UserComponent\Gonner_Com.h">
      <Filter>UserComponent\Gonner</Filter>
    </ClInclude>
  </ItemGroup>
</Project>